
Microsoft Visual Studio Solution File, Format Version 12.00
# Visual Studio Version 16
VisualStudioVersion = 16.0.29613.14
MinimumVisualStudioVersion = 10.0.40219.1
Project("{FAE04EC0-301F-11D3-BF4B-00C04F79EFBC}") = "ConnectionServer", "ConnectionServer\ConnectionServer.csproj", "{5014DAE1-B0AD-4F3E-9CA2-F06B2A6DFA8E}"
EndProject
Global
	GlobalSection(SolutionConfigurationPlatforms) = preSolution
		Debug|Any CPU = Debug|Any CPU
		Release|Any CPU = Release|Any CPU
	EndGlobalSection
	GlobalSection(ProjectConfigurationPlatforms) = postSolution
		{5014DAE1-B0AD-4F3E-9CA2-F06B2A6DFA8E}.Debug|Any CPU.ActiveCfg = Debug|Any CPU
		{5014DAE1-B0AD-4F3E-9CA2-F06B2A6DFA8E}.Debug|Any CPU.Build.0 = Debug|Any CPU
		{5014DAE1-B0AD-4F3E-9CA2-F06B2A6DFA8E}.Release|Any CPU.ActiveCfg = Release|Any CPU
		{5014DAE1-B0AD-4F3E-9CA2-F06B2A6DFA8E}.Release|Any CPU.Build.0 = Release|Any CPU
	EndGlobalSection
	GlobalSection(SolutionProperties) = preSolution
		HideSolutionNode = FALSE
	EndGlobalSection
	GlobalSection(ExtensibilityGlobals) = postSolution
		SolutionGuid = {BAB1D5DD-6FCB-4C06-98FC-F7FD09CD6176}
	EndGlobalSection
EndGlobal
